
Microsoft Visual Studio Solution File, Format Version 12.00
# Visual Studio Version 16
VisualStudioVersion = 25.0.1706.14
MinimumVisualStudioVersion = 10.0.40219.1
Project("{FAE04EC0-301F-11D3-BF4B-00C04F79EFBC}") = "ITL_AF_2025", "ITL_AF_2025.csproj", "{BEE7303A-906F-40F2-92A2-1F3FBDA9F6B6}"
EndProject
Global
	GlobalSection(SolutionConfigurationPlatforms) = preSolution
		Debug|Any CPU = Debug|Any CPU
		Release|Any CPU = Release|Any CPU
	EndGlobalSection
	GlobalSection(ProjectConfigurationPlatforms) = postSolution
		{BEE7303A-906F-40F2-92A2-1F3FBDA9F6B6}.Debug|Any CPU.ActiveCfg = Debug|Any CPU
		{BEE7303A-906F-40F2-92A2-1F3FBDA9F6B6}.Debug|Any CPU.Build.0 = Debug|Any CPU
		{BEE7303A-906F-40F2-92A2-1F3FBDA9F6B6}.Release|Any CPU.ActiveCfg = Release|Any CPU
		{BEE7303A-906F-40F2-92A2-1F3FBDA9F6B6}.Release|Any CPU.Build.0 = Release|Any CPU
	EndGlobalSection
	GlobalSection(SolutionProperties) = preSolution
		HideSolutionNode = FALSE
	EndGlobalSection
	GlobalSection(ExtensibilityGlobals) = postSolution
		SolutionGuid = {F03C8F62-898C-4AFB-942D-4703BE881D8F}
	EndGlobalSection
EndGlobal
